
Microsoft Visual Studio Solution File, Format Version 12.00
# Visual Studio Version 16
VisualStudioVersion = 16.0.31019.35
MinimumVisualStudioVersion = 10.0.40219.1
Project("{FAE04EC0-301F-11D3-BF4B-00C04F79EFBC}") = "TabViewSample.UWP", "TabViewSample\TabViewSample.UWP\TabViewSample.UWP.csproj", "{B7FE26BB-DBC6-4B03-A3A3-A4B98E85075D}"
EndProject
Project("{FAE04EC0-301F-11D3-BF4B-00C04F79EFBC}") = "TabViewSample.Android", "TabViewSample\TabViewSample.Android\TabViewSample.Android.csproj", "{C6C5BDA2-EFEC-462B-A8EF-B6E86872472D}"
EndProject
Project("{FAE04EC0-301F-11D3-BF4B-00C04F79EFBC}") = "TabViewSample.iOS", "TabViewSample\TabViewSample.iOS\TabViewSample.iOS.csproj", "{1A721782-A12F-4296-967B-BBBCA5B08C20}"
EndProject
Project("{9A19103F-16F7-4668-BE54-9A1E7A4F7556}") = "TabViewSample", "TabViewSample\TabViewSample\TabViewSample.csproj", "{2CAFF169-1E20-428E-AA9D-F330D361F81E}"
EndProject
Global
	GlobalSection(SolutionConfigurationPlatforms) = preSolution
		Debug|Any CPU = Debug|Any CPU
		Debug|ARM = Debug|ARM
		Debug|iPhone = Debug|iPhone
		Debug|iPhoneSimulator = Debug|iPhoneSimulator
		Debug|x64 = Debug|x64
		Debug|x86 = Debug|x86
		Release|Any CPU = Release|Any CPU
		Release|ARM = Release|ARM
		Release|iPhone = Release|iPhone
		Release|iPhoneSimulator = Release|iPhoneSimulator
		Release|x64 = Release|x64
		Release|x86 = Release|x86
	EndGlobalSection
	GlobalSection(ProjectConfigurationPlatforms) = postSolution
		{B7FE26BB-DBC6-4B03-A3A3-A4B98E85075D}.Debug|Any CPU.ActiveCfg = Debug|x86
		{B7FE26BB-DBC6-4B03-A3A3-A4B98E85075D}.Debug|Any CPU.Build.0 = Debug|x86
		{B7FE26BB-DBC6-4B03-A3A3-A4B98E85075D}.Debug|Any CPU.Deploy.0 = Debug|x86
		{B7FE26BB-DBC6-4B03-A3A3-A4B98E85075D}.Debug|ARM.ActiveCfg = Debug|ARM
		{B7FE26BB-DBC6-4B03-A3A3-A4B98E85075D}.Debug|ARM.Build.0 = Debug|ARM
		{B7FE26BB-DBC6-4B03-A3A3-A4B98E85075D}.Debug|ARM.Deploy.0 = Debug|ARM
		{B7FE26BB-DBC6-4B03-A3A3-A4B98E85075D}.Debug|iPhone.ActiveCfg = Debug|x86
		{B7FE26BB-DBC6-4B03-A3A3-A4B98E85075D}.Debug|iPhone.Build.0 = Debug|x86
		{B7FE26BB-DBC6-4B03-A3A3-A4B98E85075D}.Debug|iPhone.Deploy.0 = Debug|x86
		{B7FE26BB-DBC6-4B03-A3A3-A4B98E85075D}.Debug|iPhoneSimulator.ActiveCfg = Debug|x86
		{B7FE26BB-DBC6-4B03-A3A3-A4B98E85075D}.Debug|iPhoneSimulator.Build.0 = Debug|x86
		{B7FE26BB-DBC6-4B03-A3A3-A4B98E85075D}.Debug|iPhoneSimulator.Deploy.0 = Debug|x86
		{B7FE26BB-DBC6-4B03-A3A3-A4B98E85075D}.Debug|x64.ActiveCfg = Debug|x64
		{B7FE26BB-DBC6-4B03-A3A3-A4B98E85075D}.Debug|x64.Build.0 = Debug|x64
		{B7FE26BB-DBC6-4B03-A3A3-A4B98E85075D}.Debug|x64.Deploy.0 = Debug|x64
		{B7FE26BB-DBC6-4B03-A3A3-A4B98E85075D}.Debug|x86.ActiveCfg = Debug|x86
		{B7FE26BB-DBC6-4B03-A3A3-A4B98E85075D}.Debug|x86.Build.0 = Debug|x86
		{B7FE26BB-DBC6-4B03-A3A3-A4B98E85075D}.Debug|x86.Deploy.0 = Debug|x86
		{B7FE26BB-DBC6-4B03-A3A3-A4B98E85075D}.Release|Any CPU.ActiveCfg = Release|x86
		{B7FE26BB-DBC6-4B03-A3A3-A4B98E85075D}.Release|Any CPU.Build.0 = Release|x86
		{B7FE26BB-DBC6-4B03-A3A3-A4B98E85075D}.Release|Any CPU.Deploy.0 = Release|x86
		{B7FE26BB-DBC6-4B03-A3A3-A4B98E85075D}.Release|ARM.ActiveCfg = Release|ARM
		{B7FE26BB-DBC6-4B03-A3A3-A4B98E85075D}.Release|ARM.Build.0 = Release|ARM
		{B7FE26BB-DBC6-4B03-A3A3-A4B98E85075D}.Release|ARM.Deploy.0 = Release|ARM
		{B7FE26BB-DBC6-4B03-A3A3-A4B98E85075D}.Release|iPhone.ActiveCfg = Release|x86
		{B7FE26BB-DBC6-4B03-A3A3-A4B98E85075D}.Release|iPhone.Build.0 = Release|x86
		{B7FE26BB-DBC6-4B03-A3A3-A4B98E85075D}.Release|iPhone.Deploy.0 = Release|x86
		{B7FE26BB-DBC6-4B03-A3A3-A4B98E85075D}.Release|iPhoneSimulator.ActiveCfg = Release|x86
		{B7FE26BB-DBC6-4B03-A3A3-A4B98E85075D}.Release|iPhoneSimulator.Build.0 = Release|x86
		{B7FE26BB-DBC6-4B03-A3A3-A4B98E85075D}.Release|iPhoneSimulator.Deploy.0 = Release|x86
		{B7FE26BB-DBC6-4B03-A3A3-A4B98E85075D}.Release|x64.ActiveCfg = Release|x64
		{B7FE26BB-DBC6-4B03-A3A3-A4B98E85075D}.Release|x64.Build.0 = Release|x64
		{B7FE26BB-DBC6-4B03-A3A3-A4B98E85075D}.Release|x64.Deploy.0 = Release|x64
		{B7FE26BB-DBC6-4B03-A3A3-A4B98E85075D}.Release|x86.ActiveCfg = Release|x86
		{B7FE26BB-DBC6-4B03-A3A3-A4B98E85075D}.Release|x86.Build.0 = Release|x86
		{B7FE26BB-DBC6-4B03-A3A3-A4B98E85075D}.Release|x86.Deploy.0 = Release|x86
		{C6C5BDA2-EFEC-462B-A8EF-B6E86872472D}.Debug|Any CPU.ActiveCfg = Debug|Any CPU
		{C6C5BDA2-EFEC-462B-A8EF-B6E86872472D}.Debug|Any CPU.Build.0 = Debug|Any CPU
		{C6C5BDA2-EFEC-462B-A8EF-B6E86872472D}.Debug|Any CPU.Deploy.0 = Debug|Any CPU
		{C6C5BDA2-EFEC-462B-A8EF-B6E86872472D}.Debug|ARM.ActiveCfg = Debug|Any CPU
		{C6C5BDA2-EFEC-462B-A8EF-B6E86872472D}.Debug|ARM.Build.0 = Debug|Any CPU
		{C6C5BDA2-EFEC-462B-A8EF-B6E86872472D}.Debug|ARM.Deploy.0 = Debug|Any CPU
		{C6C5BDA2-EFEC-462B-A8EF-B6E86872472D}.Debug|iPhone.ActiveCfg = Debug|Any CPU
		{C6C5BDA2-EFEC-462B-A8EF-B6E86872472D}.Debug|iPhone.Build.0 = Debug|Any CPU
		{C6C5BDA2-EFEC-462B-A8EF-B6E86872472D}.Debug|iPhone.Deploy.0 = Debug|Any CPU
		{C6C5BDA2-EFEC-462B-A8EF-B6E86872472D}.Debug|iPhoneSimulator.ActiveCfg = Debug|Any CPU
		{C6C5BDA2-EFEC-462B-A8EF-B6E86872472D}.Debug|iPhoneSimulator.Build.0 = Debug|Any CPU
		{C6C5BDA2-EFEC-462B-A8EF-B6E86872472D}.Debug|iPhoneSimulator.Deploy.0 = Debug|Any CPU
		{C6C5BDA2-EFEC-462B-A8EF-B6E86872472D}.Debug|x64.ActiveCfg = Debug|Any CPU
		{C6C5BDA2-EFEC-462B-A8EF-B6E86872472D}.Debug|x64.Build.0 = Debug|Any CPU
		{C6C5BDA2-EFEC-462B-A8EF-B6E86872472D}.Debug|x64.Deploy.0 = Debug|Any CPU
		{C6C5BDA2-EFEC-462B-A8EF-B6E86872472D}.Debug|x86.ActiveCfg = Debug|Any CPU
		{C6C5BDA2-EFEC-462B-A8EF-B6E86872472D}.Debug|x86.Build.0 = Debug|Any CPU
		{C6C5BDA2-EFEC-462B-A8EF-B6E86872472D}.Debug|x86.Deploy.0 = Debug|Any CPU
		{C6C5BDA2-EFEC-462B-A8EF-B6E86872472D}.Release|Any CPU.ActiveCfg = Release|Any CPU
		{C6C5BDA2-EFEC-462B-A8EF-B6E86872472D}.Release|Any CPU.Build.0 = Release|Any CPU
		{C6C5BDA2-EFEC-462B-A8EF-B6E86872472D}.Release|Any CPU.Deploy.0 = Release|Any CPU
		{C6C5BDA2-EFEC-462B-A8EF-B6E86872472D}.Release|ARM.ActiveCfg = Release|Any CPU
		{C6C5BDA2-EFEC-462B-A8EF-B6E86872472D}.Release|ARM.Build.0 = Release|Any CPU
		{C6C5BDA2-EFEC-462B-A8EF-B6E86872472D}.Release|ARM.Deploy.0 = Release|Any CPU
		{C6C5BDA2-EFEC-462B-A8EF-B6E86872472D}.Release|iPhone.ActiveCfg = Release|Any CPU
		{C6C5BDA2-EFEC-462B-A8EF-B6E86872472D}.Release|iPhone.Build.0 = Release|Any CPU
		{C6C5BDA2-EFEC-462B-A8EF-B6E86872472D}.Release|iPhone.Deploy.0 = Release|Any CPU
		{C6C5BDA2-EFEC-462B-A8EF-B6E86872472D}.Release|iPhoneSimulator.ActiveCfg = Release|Any CPU
		{C6C5BDA2-EFEC-462B-A8EF-B6E86872472D}.Release|iPhoneSimulator.Build.0 = Release|Any CPU
		{C6C5BDA2-EFEC-462B-A8EF-B6E86872472D}.Release|iPhoneSimulator.Deploy.0 = Release|Any CPU
		{C6C5BDA2-EFEC-462B-A8EF-B6E86872472D}.Release|x64.ActiveCfg = Release|Any CPU
		{C6C5BDA2-EFEC-462B-A8EF-B6E86872472D}.Release|x64.Build.0 = Release|Any CPU
		{C6C5BDA2-EFEC-462B-A8EF-B6E86872472D}.Release|x64.Deploy.0 = Release|Any CPU
		{C6C5BDA2-EFEC-462B-A8EF-B6E86872472D}.Release|x86.ActiveCfg = Release|Any CPU
		{C6C5BDA2-EFEC-462B-A8EF-B6E86872472D}.Release|x86.Build.0 = Release|Any CPU
		{C6C5BDA2-EFEC-462B-A8EF-B6E86872472D}.Release|x86.Deploy.0 = Release|Any CPU
		{1A721782-A12F-4296-967B-BBBCA5B08C20}.Debug|Any CPU.ActiveCfg = Debug|iPhoneSimulator
		{1A721782-A12F-4296-967B-BBBCA5B08C20}.Debug|Any CPU.Build.0 = Debug|iPhoneSimulator
		{1A721782-A12F-4296-967B-BBBCA5B08C20}.Debug|Any CPU.Deploy.0 = Debug|iPhoneSimulator
		{1A721782-A12F-4296-967B-BBBCA5B08C20}.Debug|ARM.ActiveCfg = Debug|iPhone
		{1A721782-A12F-4296-967B-BBBCA5B08C20}.Debug|ARM.Build.0 = Debug|iPhone
		{1A721782-A12F-4296-967B-BBBCA5B08C20}.Debug|ARM.Deploy.0 = Debug|iPhone
		{1A721782-A12F-4296-967B-BBBCA5B08C20}.Debug|iPhone.ActiveCfg = Debug|iPhone
		{1A721782-A12F-4296-967B-BBBCA5B08C20}.Debug|iPhone.Build.0 = Debug|iPhone
		{1A721782-A12F-4296-967B-BBBCA5B08C20}.Debug|iPhone.Deploy.0 = Debug|iPhone
		{1A721782-A12F-4296-967B-BBBCA5B08C20}.Debug|iPhoneSimulator.ActiveCfg = Debug|iPhoneSimulator
		{1A721782-A12F-4296-967B-BBBCA5B08C20}.Debug|iPhoneSimulator.Build.0 = Debug|iPhoneSimulator
		{1A721782-A12F-4296-967B-BBBCA5B08C20}.Debug|iPhoneSimulator.Deploy.0 = Debug|iPhoneSimulator
		{1A721782-A12F-4296-967B-BBBCA5B08C20}.Debug|x64.ActiveCfg = Debug|iPhoneSimulator
		{1A721782-A12F-4296-967B-BBBCA5B08C20}.Debug|x64.Build.0 = Debug|iPhoneSimulator
		{1A721782-A12F-4296-967B-BBBCA5B08C20}.Debug|x64.Deploy.0 = Debug|iPhoneSimulator
		{1A721782-A12F-4296-967B-BBBCA5B08C20}.Debug|x86.ActiveCfg = Debug|iPhoneSimulator
		{1A721782-A12F-4296-967B-BBBCA5B08C20}.Debug|x86.Build.0 = Debug|iPhoneSimulator
		{1A721782-A12F-4296-967B-BBBCA5B08C20}.Debug|x86.Deploy.0 = Debug|iPhoneSimulator
		{1A721782-A12F-4296-967B-BBBCA5B08C20}.Release|Any CPU.ActiveCfg = Release|iPhoneSimulator
		{1A721782-A12F-4296-967B-BBBCA5B08C20}.Release|Any CPU.Build.0 = Release|iPhoneSimulator
		{1A721782-A12F-4296-967B-BBBCA5B08C20}.Release|Any CPU.Deploy.0 = Release|iPhoneSimulator
		{1A721782-A12F-4296-967B-BBBCA5B08C20}.Release|ARM.ActiveCfg = Release|iPhoneSimulator
		{1A721782-A12F-4296-967B-BBBCA5B08C20}.Release|ARM.Build.0 = Release|iPhoneSimulator
		{1A721782-A12F-4296-967B-BBBCA5B08C20}.Release|ARM.Deploy.0 = Release|iPhoneSimulator
		{1A721782-A12F-4296-967B-BBBCA5B08C20}.Release|iPhone.ActiveCfg = Release|iPhone
		{1A721782-A12F-4296-967B-BBBCA5B08C20}.Release|iPhone.Build.0 = Release|iPhone
		{1A721782-A12F-4296-967B-BBBCA5B08C20}.Release|iPhone.Deploy.0 = Release|iPhone
		{1A721782-A12F-4296-967B-BBBCA5B08C20}.Release|iPhoneSimulator.ActiveCfg = Release|iPhoneSimulator
		{1A721782-A12F-4296-967B-BBBCA5B08C20}.Release|iPhoneSimulator.Build.0 = Release|iPhoneSimulator
		{1A721782-A12F-4296-967B-BBBCA5B08C20}.Release|iPhoneSimulator.Deploy.0 = Release|iPhoneSimulator
		{1A721782-A12F-4296-967B-BBBCA5B08C20}.Release|x64.ActiveCfg = Release|iPhoneSimulator
		{1A721782-A12F-4296-967B-BBBCA5B08C20}.Release|x64.Build.0 = Release|iPhoneSimulator
		{1A721782-A12F-4296-967B-BBBCA5B08C20}.Release|x64.Deploy.0 = Release|iPhoneSimulator
		{1A721782-A12F-4296-967B-BBBCA5B08C20}.Release|x86.ActiveCfg = Release|iPhoneSimulator
		{1A721782-A12F-4296-967B-BBBCA5B08C20}.Release|x86.Build.0 = Release|iPhoneSimulator
		{1A721782-A12F-4296-967B-BBBCA5B08C20}.Release|x86.Deploy.0 = Release|iPhoneSimulator
		{2CAFF169-1E20-428E-AA9D-F330D361F81E}.Debug|Any CPU.ActiveCfg = Debug|Any CPU
		{2CAFF169-1E20-428E-AA9D-F330D361F81E}.Debug|Any CPU.Build.0 = Debug|Any CPU
		{2CAFF169-1E20-428E-AA9D-F330D361F81E}.Debug|Any CPU.Deploy.0 = Debug|Any CPU
		{2CAFF169-1E20-428E-AA9D-F330D361F81E}.Debug|ARM.ActiveCfg = Debug|Any CPU
		{2CAFF169-1E20-428E-AA9D-F330D361F81E}.Debug|ARM.Build.0 = Debug|Any CPU
		{2CAFF169-1E20-428E-AA9D-F330D361F81E}.Debug|ARM.Deploy.0 = Debug|Any CPU
		{2CAFF169-1E20-428E-AA9D-F330D361F81E}.Debug|iPhone.ActiveCfg = Debug|Any CPU
		{2CAFF169-1E20-428E-AA9D-F330D361F81E}.Debug|iPhone.Build.0 = Debug|Any CPU
		{2CAFF169-1E20-428E-AA9D-F330D361F81E}.Debug|iPhone.Deploy.0 = Debug|Any CPU
		{2CAFF169-1E20-428E-AA9D-F330D361F81E}.Debug|iPhoneSimulator.ActiveCfg = Debug|Any CPU
		{2CAFF169-1E20-428E-AA9D-F330D361F81E}.Debug|iPhoneSimulator.Build.0 = Debug|Any CPU
		{2CAFF169-1E20-428E-AA9D-F330D361F81E}.Debug|iPhoneSimulator.Deploy.0 = Debug|Any CPU
		{2CAFF169-1E20-428E-AA9D-F330D361F81E}.Debug|x64.ActiveCfg = Debug|Any CPU
		{2CAFF169-1E20-428E-AA9D-F330D361F81E}.Debug|x64.Build.0 = Debug|Any CPU
		{2CAFF169-1E20-428E-AA9D-F330D361F81E}.Debug|x64.Deploy.0 = Debug|Any CPU
		{2CAFF169-1E20-428E-AA9D-F330D361F81E}.Debug|x86.ActiveCfg = Debug|Any CPU
		{2CAFF169-1E20-428E-AA9D-F330D361F81E}.Debug|x86.Build.0 = Debug|Any CPU
		{2CAFF169-1E20-428E-AA9D-F330D361F81E}.Debug|x86.Deploy.0 = Debug|Any CPU
		{2CAFF169-1E20-428E-AA9D-F330D361F81E}.Release|Any CPU.ActiveCfg = Release|Any CPU
		{2CAFF169-1E20-428E-AA9D-F330D361F81E}.Release|Any CPU.Build.0 = Release|Any CPU
		{2CAFF169-1E20-428E-AA9D-F330D361F81E}.Release|Any CPU.Deploy.0 = Release|Any CPU
		{2CAFF169-1E20-428E-AA9D-F330D361F81E}.Release|ARM.ActiveCfg = Release|Any CPU
		{2CAFF169-1E20-428E-AA9D-F330D361F81E}.Release|ARM.Build.0 = Release|Any CPU
		{2CAFF169-1E20-428E-AA9D-F330D361F81E}.Release|ARM.Deploy.0 = Release|Any CPU
		{2CAFF169-1E20-428E-AA9D-F330D361F81E}.Release|iPhone.ActiveCfg = Release|Any CPU
		{2CAFF169-1E20-428E-AA9D-F330D361F81E}.Release|iPhone.Build.0 = Release|Any CPU
		{2CAFF169-1E20-428E-AA9D-F330D361F81E}.Release|iPhone.Deploy.0 = Release|Any CPU
		{2CAFF169-1E20-428E-AA9D-F330D361F81E}.Release|iPhoneSimulator.ActiveCfg = Release|Any CPU
		{2CAFF169-1E20-428E-AA9D-F330D361F81E}.Release|iPhoneSimulator.Build.0 = Release|Any CPU
		{2CAFF169-1E20-428E-AA9D-F330D361F81E}.Release|iPhoneSimulator.Deploy.0 = Release|Any CPU
		{2CAFF169-1E20-428E-AA9D-F330D361F81E}.Release|x64.ActiveCfg = Release|Any CPU
		{2CAFF169-1E20-428E-AA9D-F330D361F81E}.Release|x64.Build.0 = Release|Any CPU
		{2CAFF169-1E20-428E-AA9D-F330D361F81E}.Release|x64.Deploy.0 = Release|Any CPU
		{2CAFF169-1E20-428E-AA9D-F330D361F81E}.Release|x86.ActiveCfg = Release|Any CPU
		{2CAFF169-1E20-428E-AA9D-F330D361F81E}.Release|x86.Build.0 = Release|Any CPU
		{2CAFF169-1E20-428E-AA9D-F330D361F81E}.Release|x86.Deploy.0 = Release|Any CPU
	EndGlobalSection
	GlobalSection(SolutionProperties) = preSolution
		HideSolutionNode = FALSE
	EndGlobalSection
	GlobalSection(ExtensibilityGlobals) = postSolution
		SolutionGuid = {FDD267B0-E29C-42AF-A293-D48A673B09F7}
	EndGlobalSection
EndGlobal
